
Microsoft Visual Studio Solution File, Format Version 12.00
# Visual Studio Version 16
VisualStudioVersion = 16.0.29709.97
MinimumVisualStudioVersion = 10.0.40219.1
Project("{9A19103F-16F7-4668-BE54-9A1E7A4F7556}") = "Exomia.CEF", "src\Exomia.CEF\Exomia.CEF.csproj", "{25D9B629-E538-498F-BE33-75D5883164B5}"
EndProject
Global
	GlobalSection(SolutionConfigurationPlatforms) = preSolution
		Debug|Any CPU = Debug|Any CPU
		Release|Any CPU = Release|Any CPU
	EndGlobalSection
	GlobalSection(ProjectConfigurationPlatforms) = postSolution
		{25D9B629-E538-498F-BE33-75D5883164B5}.Debug|Any CPU.ActiveCfg = Debug|Any CPU
		{25D9B629-E538-498F-BE33-75D5883164B5}.Debug|Any CPU.Build.0 = Debug|Any CPU
		{25D9B629-E538-498F-BE33-75D5883164B5}.Release|Any CPU.ActiveCfg = Release|Any CPU
		{25D9B629-E538-498F-BE33-75D5883164B5}.Release|Any CPU.Build.0 = Release|Any CPU
	EndGlobalSection
	GlobalSection(SolutionProperties) = preSolution
		HideSolutionNode = FALSE
	EndGlobalSection
	GlobalSection(ExtensibilityGlobals) = postSolution
		SolutionGuid = {014C1820-0280-4D67-8236-9214FCB90B4D}
	EndGlobalSection
EndGlobal
